
Microsoft Visual Studio Solution File, Format Version 12.00
# Visual Studio Version 16
VisualStudioVersion = 16.0.31005.135
MinimumVisualStudioVersion = 10.0.40219.1
Project("{9A19103F-16F7-4668-BE54-9A1E7A4F7556}") = "WPFProject", "WPFProject\WPFProject.csproj", "{A041C323-D702-42A4-8EAE-75358878BBFD}"
EndProject
Project("{54435603-DBB4-11D2-8724-00A0C9A8B90C}") = "Setup", "Setup\Setup.vdproj", "{715B1A28-16BA-495E-B6DA-01DF2336346F}"
EndProject
Global
	GlobalSection(SolutionConfigurationPlatforms) = preSolution
		Debug|Any CPU = Debug|Any CPU
		Release|Any CPU = Release|Any CPU
	EndGlobalSection
	GlobalSection(ProjectConfigurationPlatforms) = postSolution
		{A041C323-D702-42A4-8EAE-75358878BBFD}.Debug|Any CPU.ActiveCfg = Debug|Any CPU
		{A041C323-D702-42A4-8EAE-75358878BBFD}.Debug|Any CPU.Build.0 = Debug|Any CPU
		{A041C323-D702-42A4-8EAE-75358878BBFD}.Release|Any CPU.ActiveCfg = Release|Any CPU
		{A041C323-D702-42A4-8EAE-75358878BBFD}.Release|Any CPU.Build.0 = Release|Any CPU
		{715B1A28-16BA-495E-B6DA-01DF2336346F}.Debug|Any CPU.ActiveCfg = Debug
		{715B1A28-16BA-495E-B6DA-01DF2336346F}.Release|Any CPU.ActiveCfg = Release
	EndGlobalSection
	GlobalSection(SolutionProperties) = preSolution
		HideSolutionNode = FALSE
	EndGlobalSection
	GlobalSection(ExtensibilityGlobals) = postSolution
		SolutionGuid = {A1FE8D4A-9AA7-45C6-A33D-85D15008FBBB}
	EndGlobalSection
EndGlobal
